// !$*UTF8*$!
{
	archiveVersion = 1;
	classes = {
	};
	objectVersion = 46;
	objects = {

/* Begin PBXBuildFile section */
		4A1A57841A0CC111002E875C /* main.m in Sources */ = {isa = PBXBuildFile; fileRef = 4A1A57831A0CC111002E875C /* main.m */; };
		4A1A57871A0CC111002E875C /* AppDelegate.m in Sources */ = {isa = PBXBuildFile; fileRef = 4A1A57861A0CC111002E875C /* AppDelegate.m */; };
		4A1A578A1A0CC111002E875C /* testRealLocation.xcdatamodeld in Sources */ = {isa = PBXBuildFile; fileRef = 4A1A57881A0CC111002E875C /* testRealLocation.xcdatamodeld */; };
		4A1A578D1A0CC111002E875C /* ViewController.m in Sources */ = {isa = PBXBuildFile; fileRef = 4A1A578C1A0CC111002E875C /* ViewController.m */; };
		4A1A57901A0CC111002E875C /* Main.storyboard in Resources */ = {isa = PBXBuildFile; fileRef = 4A1A578E1A0CC111002E875C /* Main.storyboard */; };
		4A1A57921A0CC111002E875C /* Images.xcassets in Resources */ = {isa = PBXBuildFile; fileRef = 4A1A57911A0CC111002E875C /* Images.xcassets */; };
		4A1A57951A0CC111002E875C /* LaunchScreen.xib in Resources */ = {isa = PBXBuildFile; fileRef = 4A1A57931A0CC111002E875C /* LaunchScreen.xib */; };
		4A1A57A11A0CC111002E875C /* testRealLocationTests.m in Sources */ = {isa = PBXBuildFile; fileRef = 4A1A57A01A0CC111002E875C /* testRealLocationTests.m */; };
		4A5E6E041AE90F2600C39D58 /* Флюгер С Котом-0.gpx in Resources */ = {isa = PBXBuildFile; fileRef = 4A5E6DFB1AE90F2600C39D58 /* Флюгер С Котом-0.gpx */; };
		4A5E6E051AE90F2600C39D58 /* Флюгер С Котом-135.gpx in Resources */ = {isa = PBXBuildFile; fileRef = 4A5E6DFC1AE90F2600C39D58 /* Флюгер С Котом-135.gpx */; };
		4A5E6E061AE90F2600C39D58 /* Флюгер С Котом-180.gpx in Resources */ = {isa = PBXBuildFile; fileRef = 4A5E6DFD1AE90F2600C39D58 /* Флюгер С Котом-180.gpx */; };
		4A5E6E071AE90F2600C39D58 /* Флюгер С Котом-225.gpx in Resources */ = {isa = PBXBuildFile; fileRef = 4A5E6DFE1AE90F2600C39D58 /* Флюгер С Котом-225.gpx */; };
		4A5E6E081AE90F2600C39D58 /* Флюгер С Котом-270.gpx in Resources */ = {isa = PBXBuildFile; fileRef = 4A5E6DFF1AE90F2600C39D58 /* Флюгер С Котом-270.gpx */; };
		4A5E6E091AE90F2600C39D58 /* Флюгер С Котом-315.gpx in Resources */ = {isa = PBXBuildFile; fileRef = 4A5E6E001AE90F2600C39D58 /* Флюгер С Котом-315.gpx */; };
		4A5E6E0A1AE90F2600C39D58 /* Флюгер С Котом-45.gpx in Resources */ = {isa = PBXBuildFile; fileRef = 4A5E6E011AE90F2600C39D58 /* Флюгер С Котом-45.gpx */; };
		4A5E6E0B1AE90F2600C39D58 /* Флюгер С Котом-90.gpx in Resources */ = {isa = PBXBuildFile; fileRef = 4A5E6E021AE90F2600C39D58 /* Флюгер С Котом-90.gpx */; };
		4A5E6E0C1AE90F2600C39D58 /* Флюгер С Котом.gpx in Resources */ = {isa = PBXBuildFile; fileRef = 4A5E6E031AE90F2600C39D58 /* Флюгер С Котом.gpx */; };
		4AAE06E41A14F38B003BA4D6 /* AVFoundation.framework in Frameworks */ = {isa = PBXBuildFile; fileRef = 4AAE06E31A14F38B003BA4D6 /* AVFoundation.framework */; };
		4AAE06E61A14F394003BA4D6 /* CoreData.framework in Frameworks */ = {isa = PBXBuildFile; fileRef = 4AAE06E51A14F394003BA4D6 /* CoreData.framework */; };
		4AAE06E81A14F39B003BA4D6 /* CoreLocation.framework in Frameworks */ = {isa = PBXBuildFile; fileRef = 4AAE06E71A14F39B003BA4D6 /* CoreLocation.framework */; };
		4AAE06EA1A14F3A4003BA4D6 /* CoreText.framework in Frameworks */ = {isa = PBXBuildFile; fileRef = 4AAE06E91A14F3A4003BA4D6 /* CoreText.framework */; };
		4AAE06EC1A14F3B7003BA4D6 /* GLKit.framework in Frameworks */ = {isa = PBXBuildFile; fileRef = 4AAE06EB1A14F3B7003BA4D6 /* GLKit.framework */; };
		4AAE06EE1A14F3BF003BA4D6 /* ImageIO.framework in Frameworks */ = {isa = PBXBuildFile; fileRef = 4AAE06ED1A14F3BF003BA4D6 /* ImageIO.framework */; };
		4AAE06F01A14F3D0003BA4D6 /* libc++.dylib in Frameworks */ = {isa = PBXBuildFile; fileRef = 4AAE06EF1A14F3D0003BA4D6 /* libc++.dylib */; };
		4AAE06F21A14F3DB003BA4D6 /* libicucore.dylib in Frameworks */ = {isa = PBXBuildFile; fileRef = 4AAE06F11A14F3DB003BA4D6 /* libicucore.dylib */; };
		4AAE06F41A14F3E7003BA4D6 /* libz.dylib in Frameworks */ = {isa = PBXBuildFile; fileRef = 4AAE06F31A14F3E7003BA4D6 /* libz.dylib */; };
		4AAE06F61A14F3F2003BA4D6 /* OpenGLES.framework in Frameworks */ = {isa = PBXBuildFile; fileRef = 4AAE06F51A14F3F2003BA4D6 /* OpenGLES.framework */; };
		4AAE06F81A14F3FA003BA4D6 /* QuartzCore.framework in Frameworks */ = {isa = PBXBuildFile; fileRef = 4AAE06F71A14F3FA003BA4D6 /* QuartzCore.framework */; };
		4AAE06FA1A14F403003BA4D6 /* SystemConfiguration.framework in Frameworks */ = {isa = PBXBuildFile; fileRef = 4AAE06F91A14F403003BA4D6 /* SystemConfiguration.framework */; };
		4AAE08201A14F59D003BA4D6 /* GoogleMaps.framework in Frameworks */ = {isa = PBXBuildFile; fileRef = 4AAE081F1A14F59D003BA4D6 /* GoogleMaps.framework */; };
		4AAE08211A14F85D003BA4D6 /* GoogleMaps.framework in Resources */ = {isa = PBXBuildFile; fileRef = 4AAE081F1A14F59D003BA4D6 /* GoogleMaps.framework */; };
		4AAE08231A14F95B003BA4D6 /* GoogleMaps.bundle in Resources */ = {isa = PBXBuildFile; fileRef = 4AAE08221A14F95B003BA4D6 /* GoogleMaps.bundle */; };
		4AAE08251A1523CA003BA4D6 /* ingress_logo_pirate_512px.png in Resources */ = {isa = PBXBuildFile; fileRef = 4AAE08241A1523CA003BA4D6 /* ingress_logo_pirate_512px.png */; };
		4AAE08391A152E99003BA4D6 /* Icon-60.png in Resources */ = {isa = PBXBuildFile; fileRef = 4AAE08271A152E99003BA4D6 /* Icon-60.png */; };
		4AAE083A1A152E99003BA4D6 /* Icon-60@2x.png in Resources */ = {isa = PBXBuildFile; fileRef = 4AAE08281A152E99003BA4D6 /* Icon-60@2x.png */; };
		4AAE083B1A152E99003BA4D6 /* Icon-60@3x.png in Resources */ = {isa = PBXBuildFile; fileRef = 4AAE08291A152E99003BA4D6 /* Icon-60@3x.png */; };
		4AAE083C1A152E99003BA4D6 /* Icon-72.png in Resources */ = {isa = PBXBuildFile; fileRef = 4AAE082A1A152E99003BA4D6 /* Icon-72.png */; };
		4AAE083D1A152E99003BA4D6 /* Icon-72@2x.png in Resources */ = {isa = PBXBuildFile; fileRef = 4AAE082B1A152E99003BA4D6 /* Icon-72@2x.png */; };
		4AAE083E1A152E99003BA4D6 /* Icon-76.png in Resources */ = {isa = PBXBuildFile; fileRef = 4AAE082C1A152E99003BA4D6 /* Icon-76.png */; };
		4AAE083F1A152E99003BA4D6 /* Icon-76@2x.png in Resources */ = {isa = PBXBuildFile; fileRef = 4AAE082D1A152E99003BA4D6 /* Icon-76@2x.png */; };
		4AAE08401A152E99003BA4D6 /* Icon-Small-40.png in Resources */ = {isa = PBXBuildFile; fileRef = 4AAE082E1A152E99003BA4D6 /* Icon-Small-40.png */; };
		4AAE08411A152E99003BA4D6 /* Icon-Small-40@2x.png in Resources */ = {isa = PBXBuildFile; fileRef = 4AAE082F1A152E99003BA4D6 /* Icon-Small-40@2x.png */; };
		4AAE08421A152E99003BA4D6 /* Icon-Small-40@3x.png in Resources */ = {isa = PBXBuildFile; fileRef = 4AAE08301A152E99003BA4D6 /* Icon-Small-40@3x.png */; };
		4AAE08431A152E99003BA4D6 /* Icon-Small-50.png in Resources */ = {isa = PBXBuildFile; fileRef = 4AAE08311A152E99003BA4D6 /* Icon-Small-50.png */; };
		4AAE08441A152E99003BA4D6 /* Icon-Small-50@2x.png in Resources */ = {isa = PBXBuildFile; fileRef = 4AAE08321A152E99003BA4D6 /* Icon-Small-50@2x.png */; };
		4AAE08451A152E99003BA4D6 /* Icon-Small.png in Resources */ = {isa = PBXBuildFile; fileRef = 4AAE08331A152E99003BA4D6 /* Icon-Small.png */; };
		4AAE08461A152E99003BA4D6 /* Icon-Small@2x.png in Resources */ = {isa = PBXBuildFile; fileRef = 4AAE08341A152E99003BA4D6 /* Icon-Small@2x.png */; };
		4AAE08471A152E99003BA4D6 /* Icon-Small@3x.png in Resources */ = {isa = PBXBuildFile; fileRef = 4AAE08351A152E99003BA4D6 /* Icon-Small@3x.png */; };
		4AAE08481A152E99003BA4D6 /* Icon.png in Resources */ = {isa = PBXBuildFile; fileRef = 4AAE08361A152E99003BA4D6 /* Icon.png */; };
		4AAE08491A152E99003BA4D6 /* Icon@2x.png in Resources */ = {isa = PBXBuildFile; fileRef = 4AAE08371A152E99003BA4D6 /* Icon@2x.png */; };
		4AAE084A1A152E99003BA4D6 /* iTunesArtwork@2x.png in Resources */ = {isa = PBXBuildFile; fileRef = 4AAE08381A152E99003BA4D6 /* iTunesArtwork@2x.png */; };
		4AAE084C1A152F42003BA4D6 /* InfoPlist.strings in Resources */ = {isa = PBXBuildFile; fileRef = 4AAE084B1A152F42003BA4D6 /* InfoPlist.strings */; };
/* End PBXBuildFile section */

/* Begin PBXContainerItemProxy section */
		4A1A579B1A0CC111002E875C /* PBXContainerItemProxy */ = {
			isa = PBXContainerItemProxy;
			containerPortal = 4A1A57761A0CC111002E875C /* Project object */;
			proxyType = 1;
			remoteGlobalIDString = 4A1A577D1A0CC111002E875C;
			remoteInfo = testRealLocation;
		};
/* End PBXContainerItemProxy section */

/* Begin PBXFileReference section */
		4A1A577E1A0CC111002E875C /* testRealLocation.app */ = {isa = PBXFileReference; explicitFileType = wrapper.application; includeInIndex = 0; path = testRealLocation.app; sourceTree = BUILT_PRODUCTS_DIR; };
		4A1A57821A0CC111002E875C /* Info.plist */ = {isa = PBXFileReference; lastKnownFileType = text.plist.xml; path = Info.plist; sourceTree = "<group>"; };
		4A1A57831A0CC111002E875C /* main.m */ = {isa = PBXFileReference; lastKnownFileType = sourcecode.c.objc; path = main.m; sourceTree = "<group>"; };
		4A1A57851A0CC111002E875C /* AppDelegate.h */ = {isa = PBXFileReference; lastKnownFileType = sourcecode.c.h; path = AppDelegate.h; sourceTree = "<group>"; };
		4A1A57861A0CC111002E875C /* AppDelegate.m */ = {isa = PBXFileReference; lastKnownFileType = sourcecode.c.objc; path = AppDelegate.m; sourceTree = "<group>"; };
		4A1A57891A0CC111002E875C /* testRealLocation.xcdatamodel */ = {isa = PBXFileReference; lastKnownFileType = wrapper.xcdatamodel; path = testRealLocation.xcdatamodel; sourceTree = "<group>"; };
		4A1A578B1A0CC111002E875C /* ViewController.h */ = {isa = PBXFileReference; lastKnownFileType = sourcecode.c.h; path = ViewController.h; sourceTree = "<group>"; };
		4A1A578C1A0CC111002E875C /* ViewController.m */ = {isa = PBXFileReference; lastKnownFileType = sourcecode.c.objc; path = ViewController.m; sourceTree = "<group>"; };
		4A1A578F1A0CC111002E875C /* Base */ = {isa = PBXFileReference; lastKnownFileType = file.storyboard; name = Base; path = Base.lproj/Main.storyboard; sourceTree = "<group>"; };
		4A1A57911A0CC111002E875C /* Images.xcassets */ = {isa = PBXFileReference; lastKnownFileType = folder.assetcatalog; path = Images.xcassets; sourceTree = "<group>"; };
		4A1A57941A0CC111002E875C /* Base */ = {isa = PBXFileReference; lastKnownFileType = file.xib; name = Base; path = Base.lproj/LaunchScreen.xib; sourceTree = "<group>"; };
		4A1A579A1A0CC111002E875C /* testRealLocationTests.xctest */ = {isa = PBXFileReference; explicitFileType = wrapper.cfbundle; includeInIndex = 0; path = testRealLocationTests.xctest; sourceTree = BUILT_PRODUCTS_DIR; };
		4A1A579F1A0CC111002E875C /* Info.plist */ = {isa = PBXFileReference; lastKnownFileType = text.plist.xml; path = Info.plist; sourceTree = "<group>"; };
		4A1A57A01A0CC111002E875C /* testRealLocationTests.m */ = {isa = PBXFileReference; lastKnownFileType = sourcecode.c.objc; path = testRealLocationTests.m; sourceTree = "<group>"; };
		4A5E6DFB1AE90F2600C39D58 /* Флюгер С Котом-0.gpx */ = {isa = PBXFileReference; fileEncoding = 4; lastKnownFileType = text.xml; path = "Флюгер С Котом-0.gpx"; sourceTree = "<group>"; };
		4A5E6DFC1AE90F2600C39D58 /* Флюгер С Котом-135.gpx */ = {isa = PBXFileReference; fileEncoding = 4; lastKnownFileType = text.xml; path = "Флюгер С Котом-135.gpx"; sourceTree = "<group>"; };
		4A5E6DFD1AE90F2600C39D58 /* Флюгер С Котом-180.gpx */ = {isa = PBXFileReference; fileEncoding = 4; lastKnownFileType = text.xml; path = "Флюгер С Котом-180.gpx"; sourceTree = "<group>"; };
		4A5E6DFE1AE90F2600C39D58 /* Флюгер С Котом-225.gpx */ = {isa = PBXFileReference; fileEncoding = 4; lastKnownFileType = text.xml; path = "Флюгер С Котом-225.gpx"; sourceTree = "<group>"; };
		4A5E6DFF1AE90F2600C39D58 /* Флюгер С Котом-270.gpx */ = {isa = PBXFileReference; fileEncoding = 4; lastKnownFileType = text.xml; path = "Флюгер С Котом-270.gpx"; sourceTree = "<group>"; };
		4A5E6E001AE90F2600C39D58 /* Флюгер С Котом-315.gpx */ = {isa = PBXFileReference; fileEncoding = 4; lastKnownFileType = text.xml; path = "Флюгер С Котом-315.gpx"; sourceTree = "<group>"; };
		4A5E6E011AE90F2600C39D58 /* Флюгер С Котом-45.gpx */ = {isa = PBXFileReference; fileEncoding = 4; lastKnownFileType = text.xml; path = "Флюгер С Котом-45.gpx"; sourceTree = "<group>"; };
		4A5E6E021AE90F2600C39D58 /* Флюгер С Котом-90.gpx */ = {isa = PBXFileReference; fileEncoding = 4; lastKnownFileType = text.xml; path = "Флюгер С Котом-90.gpx"; sourceTree = "<group>"; };
		4A5E6E031AE90F2600C39D58 /* Флюгер С Котом.gpx */ = {isa = PBXFileReference; fileEncoding = 4; lastKnownFileType = text.xml; path = "Флюгер С Котом.gpx"; sourceTree = "<group>"; };
		4AAE06E31A14F38B003BA4D6 /* AVFoundation.framework */ = {isa = PBXFileReference; lastKnownFileType = wrapper.framework; name = AVFoundation.framework; path = System/Library/Frameworks/AVFoundation.framework; sourceTree = SDKROOT; };
		4AAE06E51A14F394003BA4D6 /* CoreData.framework */ = {isa = PBXFileReference; lastKnownFileType = wrapper.framework; name = CoreData.framework; path = System/Library/Frameworks/CoreData.framework; sourceTree = SDKROOT; };
		4AAE06E71A14F39B003BA4D6 /* CoreLocation.framework */ = {isa = PBXFileReference; lastKnownFileType = wrapper.framework; name = CoreLocation.framework; path = System/Library/Frameworks/CoreLocation.framework; sourceTree = SDKROOT; };
		4AAE06E91A14F3A4003BA4D6 /* CoreText.framework */ = {isa = PBXFileReference; lastKnownFileType = wrapper.framework; name = CoreText.framework; path = System/Library/Frameworks/CoreText.framework; sourceTree = SDKROOT; };
		4AAE06EB1A14F3B7003BA4D6 /* GLKit.framework */ = {isa = PBXFileReference; lastKnownFileType = wrapper.framework; name = GLKit.framework; path = System/Library/Frameworks/GLKit.framework; sourceTree = SDKROOT; };
		4AAE06ED1A14F3BF003BA4D6 /* ImageIO.framework */ = {isa = PBXFileReference; lastKnownFileType = wrapper.framework; name = ImageIO.framework; path = System/Library/Frameworks/ImageIO.framework; sourceTree = SDKROOT; };
		4AAE06EF1A14F3D0003BA4D6 /* libc++.dylib */ = {isa = PBXFileReference; lastKnownFileType = "compiled.mach-o.dylib"; name = "libc++.dylib"; path = "usr/lib/libc++.dylib"; sourceTree = SDKROOT; };
		4AAE06F11A14F3DB003BA4D6 /* libicucore.dylib */ = {isa = PBXFileReference; lastKnownFileType = "compiled.mach-o.dylib"; name = libicucore.dylib; path = usr/lib/libicucore.dylib; sourceTree = SDKROOT; };
		4AAE06F31A14F3E7003BA4D6 /* libz.dylib */ = {isa = PBXFileReference; lastKnownFileType = "compiled.mach-o.dylib"; name = libz.dylib; path = usr/lib/libz.dylib; sourceTree = SDKROOT; };
		4AAE06F51A14F3F2003BA4D6 /* OpenGLES.framework */ = {isa = PBXFileReference; lastKnownFileType = wrapper.framework; name = OpenGLES.framework; path = System/Library/Frameworks/OpenGLES.framework; sourceTree = SDKROOT; };
		4AAE06F71A14F3FA003BA4D6 /* QuartzCore.framework */ = {isa = PBXFileReference; lastKnownFileType = wrapper.framework; name = QuartzCore.framework; path = System/Library/Frameworks/QuartzCore.framework; sourceTree = SDKROOT; };
		4AAE06F91A14F403003BA4D6 /* SystemConfiguration.framework */ = {isa = PBXFileReference; lastKnownFileType = wrapper.framework; name = SystemConfiguration.framework; path = System/Library/Frameworks/SystemConfiguration.framework; sourceTree = SDKROOT; };
		4AAE081F1A14F59D003BA4D6 /* GoogleMaps.framework */ = {isa = PBXFileReference; lastKnownFileType = wrapper.framework; path = GoogleMaps.framework; sourceTree = "<group>"; };
		4AAE08221A14F95B003BA4D6 /* GoogleMaps.bundle */ = {isa = PBXFileReference; lastKnownFileType = "wrapper.plug-in"; path = GoogleMaps.bundle; sourceTree = "<group>"; };
		4AAE08241A1523CA003BA4D6 /* ingress_logo_pirate_512px.png */ = {isa = PBXFileReference; lastKnownFileType = image.png; path = ingress_logo_pirate_512px.png; sourceTree = "<group>"; };
		4AAE08271A152E99003BA4D6 /* Icon-60.png */ = {isa = PBXFileReference; lastKnownFileType = image.png; path = "Icon-60.png"; sourceTree = "<group>"; };
		4AAE08281A152E99003BA4D6 /* Icon-60@2x.png */ = {isa = PBXFileReference; lastKnownFileType = image.png; path = "Icon-60@2x.png"; sourceTree = "<group>"; };
		4AAE08291A152E99003BA4D6 /* Icon-60@3x.png */ = {isa = PBXFileReference; lastKnownFileType = image.png; path = "Icon-60@3x.png"; sourceTree = "<group>"; };
		4AAE082A1A152E99003BA4D6 /* Icon-72.png */ = {isa = PBXFileReference; lastKnownFileType = image.png; path = "Icon-72.png"; sourceTree = "<group>"; };
		4AAE082B1A152E99003BA4D6 /* Icon-72@2x.png */ = {isa = PBXFileReference; lastKnownFileType = image.png; path = "Icon-72@2x.png"; sourceTree = "<group>"; };
		4AAE082C1A152E99003BA4D6 /* Icon-76.png */ = {isa = PBXFileReference; lastKnownFileType = image.png; path = "Icon-76.png"; sourceTree = "<group>"; };
		4AAE082D1A152E99003BA4D6 /* Icon-76@2x.png */ = {isa = PBXFileReference; lastKnownFileType = image.png; path = "Icon-76@2x.png"; sourceTree = "<group>"; };
		4AAE082E1A152E99003BA4D6 /* Icon-Small-40.png */ = {isa = PBXFileReference; lastKnownFileType = image.png; path = "Icon-Small-40.png"; sourceTree = "<group>"; };
		4AAE082F1A152E99003BA4D6 /* Icon-Small-40@2x.png */ = {isa = PBXFileReference; lastKnownFileType = image.png; path = "Icon-Small-40@2x.png"; sourceTree = "<group>"; };
		4AAE08301A152E99003BA4D6 /* Icon-Small-40@3x.png */ = {isa = PBXFileReference; lastKnownFileType = image.png; path = "Icon-Small-40@3x.png"; sourceTree = "<group>"; };
		4AAE08311A152E99003BA4D6 /* Icon-Small-50.png */ = {isa = PBXFileReference; lastKnownFileType = image.png; path = "Icon-Small-50.png"; sourceTree = "<group>"; };
		4AAE08321A152E99003BA4D6 /* Icon-Small-50@2x.png */ = {isa = PBXFileReference; lastKnownFileType = image.png; path = "Icon-Small-50@2x.png"; sourceTree = "<group>"; };
		4AAE08331A152E99003BA4D6 /* Icon-Small.png */ = {isa = PBXFileReference; lastKnownFileType = image.png; path = "Icon-Small.png"; sourceTree = "<group>"; };
		4AAE08341A152E99003BA4D6 /* Icon-Small@2x.png */ = {isa = PBXFileReference; lastKnownFileType = image.png; path = "Icon-Small@2x.png"; sourceTree = "<group>"; };
		4AAE08351A152E99003BA4D6 /* Icon-Small@3x.png */ = {isa = PBXFileReference; lastKnownFileType = image.png; path = "Icon-Small@3x.png"; sourceTree = "<group>"; };
		4AAE08361A152E99003BA4D6 /* Icon.png */ = {isa = PBXFileReference; lastKnownFileType = image.png; path = Icon.png; sourceTree = "<group>"; };
		4AAE08371A152E99003BA4D6 /* Icon@2x.png */ = {isa = PBXFileReference; lastKnownFileType = image.png; path = "Icon@2x.png"; sourceTree = "<group>"; };
		4AAE08381A152E99003BA4D6 /* iTunesArtwork@2x.png */ = {isa = PBXFileReference; lastKnownFileType = image.png; path = "iTunesArtwork@2x.png"; sourceTree = "<group>"; };
		4AAE084B1A152F42003BA4D6 /* InfoPlist.strings */ = {isa = PBXFileReference; fileEncoding = 4; lastKnownFileType = text.plist.strings; path = InfoPlist.strings; sourceTree = "<group>"; };
/* End PBXFileReference section */

/* Begin PBXFrameworksBuildPhase section */
		4A1A577B1A0CC111002E875C /* Frameworks */ = {
			isa = PBXFrameworksBuildPhase;
			buildActionMask = 2147483647;
			files = (
				4AAE06FA1A14F403003BA4D6 /* SystemConfiguration.framework in Frameworks */,
				4AAE06F81A14F3FA003BA4D6 /* QuartzCore.framework in Frameworks */,
				4AAE06F61A14F3F2003BA4D6 /* OpenGLES.framework in Frameworks */,
				4AAE06F41A14F3E7003BA4D6 /* libz.dylib in Frameworks */,
				4AAE06F21A14F3DB003BA4D6 /* libicucore.dylib in Frameworks */,
				4AAE06F01A14F3D0003BA4D6 /* libc++.dylib in Frameworks */,
				4AAE06EE1A14F3BF003BA4D6 /* ImageIO.framework in Frameworks */,
				4AAE06EC1A14F3B7003BA4D6 /* GLKit.framework in Frameworks */,
				4AAE06EA1A14F3A4003BA4D6 /* CoreText.framework in Frameworks */,
				4AAE08201A14F59D003BA4D6 /* GoogleMaps.framework in Frameworks */,
				4AAE06E81A14F39B003BA4D6 /* CoreLocation.framework in Frameworks */,
				4AAE06E61A14F394003BA4D6 /* CoreData.framework in Frameworks */,
				4AAE06E41A14F38B003BA4D6 /* AVFoundation.framework in Frameworks */,
			);
			runOnlyForDeploymentPostprocessing = 0;
		};
		4A1A57971A0CC111002E875C /* Frameworks */ = {
			isa = PBXFrameworksBuildPhase;
			buildActionMask = 2147483647;
			files = (
			);
			runOnlyForDeploymentPostprocessing = 0;
		};
/* End PBXFrameworksBuildPhase section */

/* Begin PBXGroup section */
		4A1A57751A0CC111002E875C = {
			isa = PBXGroup;
			children = (
				4A1A57801A0CC111002E875C /* testRealLocation */,
				4A1A579D1A0CC111002E875C /* testRealLocationTests */,
				4A1A577F1A0CC111002E875C /* Products */,
				4AAE081E1A14F457003BA4D6 /* Frameworks */,
			);
			sourceTree = "<group>";
		};
		4A1A577F1A0CC111002E875C /* Products */ = {
			isa = PBXGroup;
			children = (
				4A1A577E1A0CC111002E875C /* testRealLocation.app */,
				4A1A579A1A0CC111002E875C /* testRealLocationTests.xctest */,
			);
			name = Products;
			sourceTree = "<group>";
		};
		4A1A57801A0CC111002E875C /* testRealLocation */ = {
			isa = PBXGroup;
			children = (
				4A5E6DFA1AE90F2600C39D58 /* gpx */,
				4AAE08241A1523CA003BA4D6 /* ingress_logo_pirate_512px.png */,
				4A1A57851A0CC111002E875C /* AppDelegate.h */,
				4A1A57861A0CC111002E875C /* AppDelegate.m */,
				4A1A578B1A0CC111002E875C /* ViewController.h */,
				4A1A578C1A0CC111002E875C /* ViewController.m */,
				4A1A578E1A0CC111002E875C /* Main.storyboard */,
				4A1A57911A0CC111002E875C /* Images.xcassets */,
				4A1A57931A0CC111002E875C /* LaunchScreen.xib */,
				4A1A57881A0CC111002E875C /* testRealLocation.xcdatamodeld */,
				4A1A57811A0CC111002E875C /* Supporting Files */,
			);
			path = testRealLocation;
			sourceTree = "<group>";
		};
		4A1A57811A0CC111002E875C /* Supporting Files */ = {
			isa = PBXGroup;
			children = (
				4AAE08261A152E99003BA4D6 /* App Icon [Rounded] */,
				4A1A57821A0CC111002E875C /* Info.plist */,
				4AAE084B1A152F42003BA4D6 /* InfoPlist.strings */,
				4A1A57831A0CC111002E875C /* main.m */,
			);
			name = "Supporting Files";
			sourceTree = "<group>";
		};
		4A1A579D1A0CC111002E875C /* testRealLocationTests */ = {
			isa = PBXGroup;
			children = (
				4A1A57A01A0CC111002E875C /* testRealLocationTests.m */,
				4A1A579E1A0CC111002E875C /* Supporting Files */,
			);
			path = testRealLocationTests;
			sourceTree = "<group>";
		};
		4A1A579E1A0CC111002E875C /* Supporting Files */ = {
			isa = PBXGroup;
			children = (
				4A1A579F1A0CC111002E875C /* Info.plist */,
			);
			name = "Supporting Files";
			sourceTree = "<group>";
		};
		4A5E6DFA1AE90F2600C39D58 /* gpx */ = {
			isa = PBXGroup;
			children = (
				4A5E6DFB1AE90F2600C39D58 /* Флюгер С Котом-0.gpx */,
				4A5E6DFC1AE90F2600C39D58 /* Флюгер С Котом-135.gpx */,
				4A5E6DFD1AE90F2600C39D58 /* Флюгер С Котом-180.gpx */,
				4A5E6DFE1AE90F2600C39D58 /* Флюгер С Котом-225.gpx */,
				4A5E6DFF1AE90F2600C39D58 /* Флюгер С Котом-270.gpx */,
				4A5E6E001AE90F2600C39D58 /* Флюгер С Котом-315.gpx */,
				4A5E6E011AE90F2600C39D58 /* Флюгер С Котом-45.gpx */,
				4A5E6E021AE90F2600C39D58 /* Флюгер С Котом-90.gpx */,
				4A5E6E031AE90F2600C39D58 /* Флюгер С Котом.gpx */,
			);
			name = gpx;
			path = ../../gpxScript/gpx;
			sourceTree = "<group>";
		};
		4AAE081E1A14F457003BA4D6 /* Frameworks */ = {
			isa = PBXGroup;
			children = (
				4AAE08221A14F95B003BA4D6 /* GoogleMaps.bundle */,
				4AAE081F1A14F59D003BA4D6 /* GoogleMaps.framework */,
				4AAE06F91A14F403003BA4D6 /* SystemConfiguration.framework */,
				4AAE06F71A14F3FA003BA4D6 /* QuartzCore.framework */,
				4AAE06F51A14F3F2003BA4D6 /* OpenGLES.framework */,
				4AAE06F31A14F3E7003BA4D6 /* libz.dylib */,
				4AAE06F11A14F3DB003BA4D6 /* libicucore.dylib */,
				4AAE06EF1A14F3D0003BA4D6 /* libc++.dylib */,
				4AAE06ED1A14F3BF003BA4D6 /* ImageIO.framework */,
				4AAE06EB1A14F3B7003BA4D6 /* GLKit.framework */,
				4AAE06E91A14F3A4003BA4D6 /* CoreText.framework */,
				4AAE06E71A14F39B003BA4D6 /* CoreLocation.framework */,
				4AAE06E51A14F394003BA4D6 /* CoreData.framework */,
				4AAE06E31A14F38B003BA4D6 /* AVFoundation.framework */,
			);
			name = Frameworks;
			sourceTree = "<group>";
		};
		4AAE08261A152E99003BA4D6 /* App Icon [Rounded] */ = {
			isa = PBXGroup;
			children = (
				4AAE08271A152E99003BA4D6 /* Icon-60.png */,
				4AAE08281A152E99003BA4D6 /* Icon-60@2x.png */,
				4AAE08291A152E99003BA4D6 /* Icon-60@3x.png */,
				4AAE082A1A152E99003BA4D6 /* Icon-72.png */,
				4AAE082B1A152E99003BA4D6 /* Icon-72@2x.png */,
				4AAE082C1A152E99003BA4D6 /* Icon-76.png */,
				4AAE082D1A152E99003BA4D6 /* Icon-76@2x.png */,
				4AAE082E1A152E99003BA4D6 /* Icon-Small-40.png */,
				4AAE082F1A152E99003BA4D6 /* Icon-Small-40@2x.png */,
				4AAE08301A152E99003BA4D6 /* Icon-Small-40@3x.png */,
				4AAE08311A152E99003BA4D6 /* Icon-Small-50.png */,
				4AAE08321A152E99003BA4D6 /* Icon-Small-50@2x.png */,
				4AAE08331A152E99003BA4D6 /* Icon-Small.png */,
				4AAE08341A152E99003BA4D6 /* Icon-Small@2x.png */,
				4AAE08351A152E99003BA4D6 /* Icon-Small@3x.png */,
				4AAE08361A152E99003BA4D6 /* Icon.png */,
				4AAE08371A152E99003BA4D6 /* Icon@2x.png */,
				4AAE08381A152E99003BA4D6 /* iTunesArtwork@2x.png */,
			);
			path = "App Icon [Rounded]";
			sourceTree = "<group>";
		};
/* End PBXGroup section */

/* Begin PBXNativeTarget section */
		4A1A577D1A0CC111002E875C /* testRealLocation */ = {
			isa = PBXNativeTarget;
			buildConfigurationList = 4A1A57A41A0CC111002E875C /* Build configuration list for PBXNativeTarget "testRealLocation" */;
			buildPhases = (
				4A1A577A1A0CC111002E875C /* Sources */,
				4A1A577B1A0CC111002E875C /* Frameworks */,
				4A1A577C1A0CC111002E875C /* Resources */,
			);
			buildRules = (
			);
			dependencies = (
			);
			name = testRealLocation;
			productName = testRealLocation;
			productReference = 4A1A577E1A0CC111002E875C /* testRealLocation.app */;
			productType = "com.apple.product-type.application";
		};
		4A1A57991A0CC111002E875C /* testRealLocationTests */ = {
			isa = PBXNativeTarget;
			buildConfigurationList = 4A1A57A71A0CC111002E875C /* Build configuration list for PBXNativeTarget "testRealLocationTests" */;
			buildPhases = (
				4A1A57961A0CC111002E875C /* Sources */,
				4A1A57971A0CC111002E875C /* Frameworks */,
				4A1A57981A0CC111002E875C /* Resources */,
			);
			buildRules = (
			);
			dependencies = (
				4A1A579C1A0CC111002E875C /* PBXTargetDependency */,
			);
			name = testRealLocationTests;
			productName = testRealLocationTests;
			productReference = 4A1A579A1A0CC111002E875C /* testRealLocationTests.xctest */;
			productType = "com.apple.product-type.bundle.unit-test";
		};
/* End PBXNativeTarget section */

/* Begin PBXProject section */
		4A1A57761A0CC111002E875C /* Project object */ = {
			isa = PBXProject;
			attributes = {
				LastUpgradeCheck = 0610;
				ORGANIZATIONNAME = "Andrii Tishchenko";
				TargetAttributes = {
					4A1A577D1A0CC111002E875C = {
						CreatedOnToolsVersion = 6.1;
					};
					4A1A57991A0CC111002E875C = {
						CreatedOnToolsVersion = 6.1;
						TestTargetID = 4A1A577D1A0CC111002E875C;
					};
				};
			};
			buildConfigurationList = 4A1A57791A0CC111002E875C /* Build configuration list for PBXProject "testRealLocation" */;
			compatibilityVersion = "Xcode 3.2";
			developmentRegion = English;
			hasScannedForEncodings = 0;
			knownRegions = (
				en,
				Base,
				ar,
				ca,
				cs,
				da,
				de,
				el,
				en_GB,
				es,
				fi,
				fr,
				he,
				hr,
				hu,
				id,
				it,
				ja,
				ko,
				ms,
				nl,
				no,
				pl,
				pt,
				pt_PT,
				ro,
				ru,
				sk,
				sv,
				th,
				tr,
				uk,
				vi,
				zh_CN,
				zh_TW,
			);
			mainGroup = 4A1A57751A0CC111002E875C;
			productRefGroup = 4A1A577F1A0CC111002E875C /* Products */;
			projectDirPath = "";
			projectRoot = "";
			targets = (
				4A1A577D1A0CC111002E875C /* testRealLocation */,
				4A1A57991A0CC111002E875C /* testRealLocationTests */,
			);
		};
/* End PBXProject section */

/* Begin PBXResourcesBuildPhase section */
		4A1A577C1A0CC111002E875C /* Resources */ = {
			isa = PBXResourcesBuildPhase;
			buildActionMask = 2147483647;
			files = (
				4AAE08441A152E99003BA4D6 /* Icon-Small-50@2x.png in Resources */,
				4A5E6E071AE90F2600C39D58 /* Флюгер С Котом-225.gpx in Resources */,
				4AAE08211A14F85D003BA4D6 /* GoogleMaps.framework in Resources */,
				4A1A57901A0CC111002E875C /* Main.storyboard in Resources */,
				4A5E6E051AE90F2600C39D58 /* Флюгер С Котом-135.gpx in Resources */,
				4AAE083C1A152E99003BA4D6 /* Icon-72.png in Resources */,
				4A5E6E041AE90F2600C39D58 /* Флюгер С Котом-0.gpx in Resources */,
				4AAE083B1A152E99003BA4D6 /* Icon-60@3x.png in Resources */,
				4A1A57951A0CC111002E875C /* LaunchScreen.xib in Resources */,
				4AAE08461A152E99003BA4D6 /* Icon-Small@2x.png in Resources */,
				4AAE08401A152E99003BA4D6 /* Icon-Small-40.png in Resources */,
				4AAE083E1A152E99003BA4D6 /* Icon-76.png in Resources */,
				4AAE084C1A152F42003BA4D6 /* InfoPlist.strings in Resources */,
				4A5E6E081AE90F2600C39D58 /* Флюгер С Котом-270.gpx in Resources */,
				4AAE08491A152E99003BA4D6 /* Icon@2x.png in Resources */,
				4AAE08471A152E99003BA4D6 /* Icon-Small@3x.png in Resources */,
				4AAE083F1A152E99003BA4D6 /* Icon-76@2x.png in Resources */,
				4A5E6E0C1AE90F2600C39D58 /* Флюгер С Котом.gpx in Resources */,
				4A5E6E061AE90F2600C39D58 /* Флюгер С Котом-180.gpx in Resources */,
				4A5E6E0A1AE90F2600C39D58 /* Флюгер С Котом-45.gpx in Resources */,
				4AAE083A1A152E99003BA4D6 /* Icon-60@2x.png in Resources */,
				4AAE08451A152E99003BA4D6 /* Icon-Small.png in Resources */,
				4AAE084A1A152E99003BA4D6 /* iTunesArtwork@2x.png in Resources */,
				4A5E6E091AE90F2600C39D58 /* Флюгер С Котом-315.gpx in Resources */,
				4AAE08231A14F95B003BA4D6 /* GoogleMaps.bundle in Resources */,
				4AAE083D1A152E99003BA4D6 /* Icon-72@2x.png in Resources */,
				4AAE08431A152E99003BA4D6 /* Icon-Small-50.png in Resources */,
				4AAE08421A152E99003BA4D6 /* Icon-Small-40@3x.png in Resources */,
				4AAE08411A152E99003BA4D6 /* Icon-Small-40@2x.png in Resources */,
				4A1A57921A0CC111002E875C /* Images.xcassets in Resources */,
				4A5E6E0B1AE90F2600C39D58 /* Флюгер С Котом-90.gpx in Resources */,
				4AAE08251A1523CA003BA4D6 /* ingress_logo_pirate_512px.png in Resources */,
				4AAE08391A152E99003BA4D6 /* Icon-60.png in Resources */,
				4AAE08481A152E99003BA4D6 /* Icon.png in Resources */,
			);
			runOnlyForDeploymentPostprocessing = 0;
		};
		4A1A57981A0CC111002E875C /* Resources */ = {
			isa = PBXResourcesBuildPhase;
			buildActionMask = 2147483647;
			files = (
			);
			runOnlyForDeploymentPostprocessing = 0;
		};
/* End PBXResourcesBuildPhase section */

/* Begin PBXSourcesBuildPhase section */
		4A1A577A1A0CC111002E875C /* Sources */ = {
			isa = PBXSourcesBuildPhase;
			buildActionMask = 2147483647;
			files = (
				4A1A578A1A0CC111002E875C /* testRealLocation.xcdatamodeld in Sources */,
				4A1A57871A0CC111002E875C /* AppDelegate.m in Sources */,
				4A1A578D1A0CC111002E875C /* ViewController.m in Sources */,
				4A1A57841A0CC111002E875C /* main.m in Sources */,
			);
			runOnlyForDeploymentPostprocessing = 0;
		};
		4A1A57961A0CC111002E875C /* Sources */ = {
			isa = PBXSourcesBuildPhase;
			buildActionMask = 2147483647;
			files = (
				4A1A57A11A0CC111002E875C /* testRealLocationTests.m in Sources */,
			);
			runOnlyForDeploymentPostprocessing = 0;
		};
/* End PBXSourcesBuildPhase section */

/* Begin PBXTargetDependency section */
		4A1A579C1A0CC111002E875C /* PBXTargetDependency */ = {
			isa = PBXTargetDependency;
			target = 4A1A577D1A0CC111002E875C /* testRealLocation */;
			targetProxy = 4A1A579B1A0CC111002E875C /* PBXContainerItemProxy */;
		};
/* End PBXTargetDependency section */

/* Begin PBXVariantGroup section */
		4A1A578E1A0CC111002E875C /* Main.storyboard */ = {
			isa = PBXVariantGroup;
			children = (
				4A1A578F1A0CC111002E875C /* Base */,
			);
			name = Main.storyboard;
			sourceTree = "<group>";
		};
		4A1A57931A0CC111002E875C /* LaunchScreen.xib */ = {
			isa = PBXVariantGroup;
			children = (
				4A1A57941A0CC111002E875C /* Base */,
			);
			name = LaunchScreen.xib;
			sourceTree = "<group>";
		};
/* End PBXVariantGroup section */

/* Begin XCBuildConfiguration section */
		4A1A57A21A0CC111002E875C /* Debug */ = {
			isa = XCBuildConfiguration;
			buildSettings = {
				ALWAYS_SEARCH_USER_PATHS = NO;
				CLANG_CXX_LANGUAGE_STANDARD = "gnu++0x";
				CLANG_CXX_LIBRARY = "libc++";
				CLANG_ENABLE_MODULES = YES;
				CLANG_ENABLE_OBJC_ARC = YES;
				CLANG_WARN_BOOL_CONVERSION = YES;
				CLANG_WARN_CONSTANT_CONVERSION = YES;
				CLANG_WARN_DIRECT_OBJC_ISA_USAGE = YES_ERROR;
				CLANG_WARN_EMPTY_BODY = YES;
				CLANG_WARN_ENUM_CONVERSION = YES;
				CLANG_WARN_INT_CONVERSION = YES;
				CLANG_WARN_OBJC_ROOT_CLASS = YES_ERROR;
				CLANG_WARN_UNREACHABLE_CODE = YES;
				CLANG_WARN__DUPLICATE_METHOD_MATCH = YES;
				"CODE_SIGN_IDENTITY[sdk=iphoneos*]" = "iPhone Developer";
				COPY_PHASE_STRIP = NO;
				ENABLE_STRICT_OBJC_MSGSEND = YES;
				GCC_C_LANGUAGE_STANDARD = gnu99;
				GCC_DYNAMIC_NO_PIC = NO;
				GCC_OPTIMIZATION_LEVEL = 0;
				GCC_PREPROCESSOR_DEFINITIONS = (
					"DEBUG=1",
					"$(inherited)",
				);
				GCC_SYMBOLS_PRIVATE_EXTERN = NO;
				GCC_WARN_64_TO_32_BIT_CONVERSION = YES;
				GCC_WARN_ABOUT_RETURN_TYPE = YES_ERROR;
				GCC_WARN_UNDECLARED_SELECTOR = YES;
				GCC_WARN_UNINITIALIZED_AUTOS = YES_AGGRESSIVE;
				GCC_WARN_UNUSED_FUNCTION = YES;
				GCC_WARN_UNUSED_VARIABLE = YES;
				IPHONEOS_DEPLOYMENT_TARGET = 8.1;
				MTL_ENABLE_DEBUG_INFO = YES;
				ONLY_ACTIVE_ARCH = YES;
				SDKROOT = iphoneos;
			};
			name = Debug;
		};
		4A1A57A31A0CC111002E875C /* Release */ = {
			isa = XCBuildConfiguration;
			buildSettings = {
				ALWAYS_SEARCH_USER_PATHS = NO;
				CLANG_CXX_LANGUAGE_STANDARD = "gnu++0x";
				CLANG_CXX_LIBRARY = "libc++";
				CLANG_ENABLE_MODULES = YES;
				CLANG_ENABLE_OBJC_ARC = YES;
				CLANG_WARN_BOOL_CONVERSION = YES;
				CLANG_WARN_CONSTANT_CONVERSION = YES;
				CLANG_WARN_DIRECT_OBJC_ISA_USAGE = YES_ERROR;
				CLANG_WARN_EMPTY_BODY = YES;
				CLANG_WARN_ENUM_CONVERSION = YES;
				CLANG_WARN_INT_CONVERSION = YES;
				CLANG_WARN_OBJC_ROOT_CLASS = YES_ERROR;
				CLANG_WARN_UNREACHABLE_CODE = YES;
				CLANG_WARN__DUPLICATE_METHOD_MATCH = YES;
				"CODE_SIGN_IDENTITY[sdk=iphoneos*]" = "iPhone Developer";
				COPY_PHASE_STRIP = YES;
				ENABLE_NS_ASSERTIONS = NO;
				ENABLE_STRICT_OBJC_MSGSEND = YES;
				GCC_C_LANGUAGE_STANDARD = gnu99;
				GCC_WARN_64_TO_32_BIT_CONVERSION = YES;
				GCC_WARN_ABOUT_RETURN_TYPE = YES_ERROR;
				GCC_WARN_UNDECLARED_SELECTOR = YES;
				GCC_WARN_UNINITIALIZED_AUTOS = YES_AGGRESSIVE;
				GCC_WARN_UNUSED_FUNCTION = YES;
				GCC_WARN_UNUSED_VARIABLE = YES;
				IPHONEOS_DEPLOYMENT_TARGET = 8.1;
				MTL_ENABLE_DEBUG_INFO = NO;
				SDKROOT = iphoneos;
				VALIDATE_PRODUCT = YES;
			};
			name = Release;
		};
		4A1A57A51A0CC111002E875C /* Debug */ = {
			isa = XCBuildConfiguration;
			buildSettings = {
				ASSETCATALOG_COMPILER_APPICON_NAME = AppIcon;
				FRAMEWORK_SEARCH_PATHS = (
					"$(inherited)",
					"$(PROJECT_DIR)/GoogleMaps-iOS-1.9.0",
					"$(PROJECT_DIR)/GoogleMaps-iOS-1.9.0/GoogleMapsSDKDemos",
					"$(PROJECT_DIR)",
				);
				INFOPLIST_FILE = testRealLocation/Info.plist;
				LD_RUNPATH_SEARCH_PATHS = "$(inherited) @executable_path/Frameworks";
				OTHER_LDFLAGS = "-ObjC";
				PRODUCT_NAME = "$(TARGET_NAME)";
			};
			name = Debug;
		};
		4A1A57A61A0CC111002E875C /* Release */ = {
			isa = XCBuildConfiguration;
			buildSettings = {
				ASSETCATALOG_COMPILER_APPICON_NAME = AppIcon;
				FRAMEWORK_SEARCH_PATHS = (
					"$(inherited)",
					"$(PROJECT_DIR)/GoogleMaps-iOS-1.9.0",
					"$(PROJECT_DIR)/GoogleMaps-iOS-1.9.0/GoogleMapsSDKDemos",
					"$(PROJECT_DIR)",
				);
				INFOPLIST_FILE = testRealLocation/Info.plist;
				LD_RUNPATH_SEARCH_PATHS = "$(inherited) @executable_path/Frameworks";
				OTHER_LDFLAGS = "-ObjC";
				PRODUCT_NAME = "$(TARGET_NAME)";
			};
			name = Release;
		};
		4A1A57A81A0CC111002E875C /* Debug */ = {
			isa = XCBuildConfiguration;
			buildSettings = {
				BUNDLE_LOADER = "$(TEST_HOST)";
				FRAMEWORK_SEARCH_PATHS = (
					"$(SDKROOT)/Developer/Library/Frameworks",
					"$(inherited)",
				);
				GCC_PREPROCESSOR_DEFINITIONS = (
					"DEBUG=1",
					"$(inherited)",
				);
				INFOPLIST_FILE = testRealLocationTests/Info.plist;
				LD_RUNPATH_SEARCH_PATHS = "$(inherited) @executable_path/Frameworks @loader_path/Frameworks";
				PRODUCT_NAME = "$(TARGET_NAME)";
				TEST_HOST = "$(BUILT_PRODUCTS_DIR)/testRealLocation.app/testRealLocation";
			};
			name = Debug;
		};
		4A1A57A91A0CC111002E875C /* Release */ = {
			isa = XCBuildConfiguration;
			buildSettings = {
				BUNDLE_LOADER = "$(TEST_HOST)";
				FRAMEWORK_SEARCH_PATHS = (
					"$(SDKROOT)/Developer/Library/Frameworks",
					"$(inherited)",
				);
				INFOPLIST_FILE = testRealLocationTests/Info.plist;
				LD_RUNPATH_SEARCH_PATHS = "$(inherited) @executable_path/Frameworks @loader_path/Frameworks";
				PRODUCT_NAME = "$(TARGET_NAME)";
				TEST_HOST = "$(BUILT_PRODUCTS_DIR)/testRealLocation.app/testRealLocation";
			};
			name = Release;
		};
/* End XCBuildConfiguration section */

/* Begin XCConfigurationList section */
		4A1A57791A0CC111002E875C /* Build configuration list for PBXProject "testRealLocation" */ = {
			isa = XCConfigurationList;
			buildConfigurations = (
				4A1A57A21A0CC111002E875C /* Debug */,
				4A1A57A31A0CC111002E875C /* Release */,
			);
			defaultConfigurationIsVisible = 0;
			defaultConfigurationName = Release;
		};
		4A1A57A41A0CC111002E875C /* Build configuration list for PBXNativeTarget "testRealLocation" */ = {
			isa = XCConfigurationList;
			buildConfigurations = (
				4A1A57A51A0CC111002E875C /* Debug */,
				4A1A57A61A0CC111002E875C /* Release */,
			);
			defaultConfigurationIsVisible = 0;
			defaultConfigurationName = Release;
		};
		4A1A57A71A0CC111002E875C /* Build configuration list for PBXNativeTarget "testRealLocationTests" */ = {
			isa = XCConfigurationList;
			buildConfigurations = (
				4A1A57A81A0CC111002E875C /* Debug */,
				4A1A57A91A0CC111002E875C /* Release */,
			);
			defaultConfigurationIsVisible = 0;
			defaultConfigurationName = Release;
		};
/* End XCConfigurationList section */

/* Begin XCVersionGroup section */
		4A1A57881A0CC111002E875C /* testRealLocation.xcdatamodeld */ = {
			isa = XCVersionGroup;
			children = (
				4A1A57891A0CC111002E875C /* testRealLocation.xcdatamodel */,
			);
			currentVersion = 4A1A57891A0CC111002E875C /* testRealLocation.xcdatamodel */;
			path = testRealLocation.xcdatamodeld;
			sourceTree = "<group>";
			versionGroupType = wrapper.xcdatamodel;
		};
/* End XCVersionGroup section */
	};
	rootObject = 4A1A57761A0CC111002E875C /* Project object */;
}
